
Microsoft Visual Studio Solution File, Format Version 12.00
# Visual Studio Version 17
VisualStudioVersion = 17.8.34316.72
MinimumVisualStudioVersion = 10.0.40219.1
Project("{9A19103F-16F7-4668-BE54-9A1E7A4F7556}") = "Gulong_plugin", "Gulong_plugin.csproj", "{22CE1930-D5D6-4BB3-AE49-7A784B716399}"
EndProject
Global
	GlobalSection(SolutionConfigurationPlatforms) = preSolution
		Debug|Any CPU = Debug|Any CPU
		Release|Any CPU = Release|Any CPU
	EndGlobalSection
	GlobalSection(ProjectConfigurationPlatforms) = postSolution
		{22CE1930-D5D6-4BB3-AE49-7A784B716399}.Debug|Any CPU.ActiveCfg = Debug|Any CPU
		{22CE1930-D5D6-4BB3-AE49-7A784B716399}.Debug|Any CPU.Build.0 = Debug|Any CPU
		{22CE1930-D5D6-4BB3-AE49-7A784B716399}.Release|Any CPU.ActiveCfg = Release|Any CPU
		{22CE1930-D5D6-4BB3-AE49-7A784B716399}.Release|Any CPU.Build.0 = Release|Any CPU
	EndGlobalSection
	GlobalSection(SolutionProperties) = preSolution
		HideSolutionNode = FALSE
	EndGlobalSection
	GlobalSection(ExtensibilityGlobals) = postSolution
		SolutionGuid = {70C4065D-E8A4-4BD2-A313-754B43637ADD}
	EndGlobalSection
EndGlobal
